
Microsoft Visual Studio Solution File, Format Version 12.00
Project("{FAE04EC0-301F-11D3-BF4B-00C04F79EFBC}") = "DanaCrawler", "DanaCrawler\DanaCrawler.csproj", "{86576D18-1E15-4430-9717-BCFC26CC048E}"
EndProject
Project("{2150E333-8FDC-42A3-9474-1A3956D46DE8}") = "Solution Items", "Solution Items", "{8951373B-944C-4F0D-B14A-1198FAFB6624}"
	ProjectSection(SolutionItems) = preProject
		docker-compose.yml = docker-compose.yml
	EndProjectSection
EndProject
Global
	GlobalSection(SolutionConfigurationPlatforms) = preSolution
		Debug|Any CPU = Debug|Any CPU
		Release|Any CPU = Release|Any CPU
	EndGlobalSection
	GlobalSection(ProjectConfigurationPlatforms) = postSolution
		{86576D18-1E15-4430-9717-BCFC26CC048E}.Debug|Any CPU.ActiveCfg = Debug|Any CPU
		{86576D18-1E15-4430-9717-BCFC26CC048E}.Debug|Any CPU.Build.0 = Debug|Any CPU
		{86576D18-1E15-4430-9717-BCFC26CC048E}.Release|Any CPU.ActiveCfg = Release|Any CPU
		{86576D18-1E15-4430-9717-BCFC26CC048E}.Release|Any CPU.Build.0 = Release|Any CPU
	EndGlobalSection
EndGlobal
